
Microsoft Visual Studio Solution File, Format Version 12.00
# Visual Studio Version 17
VisualStudioVersion = 17.3.32901.215
MinimumVisualStudioVersion = 10.0.40219.1
Project("{FAE04EC0-301F-11D3-BF4B-00C04F79EFBC}") = "exe4_094", "exe4_094.csproj", "{5EE9047B-0387-418C-B56E-9AD0B70B1DC1}"
EndProject
Global
	GlobalSection(SolutionConfigurationPlatforms) = preSolution
		Debug|Any CPU = Debug|Any CPU
		Release|Any CPU = Release|Any CPU
	EndGlobalSection
	GlobalSection(ProjectConfigurationPlatforms) = postSolution
		{5EE9047B-0387-418C-B56E-9AD0B70B1DC1}.Debug|Any CPU.ActiveCfg = Debug|Any CPU
		{5EE9047B-0387-418C-B56E-9AD0B70B1DC1}.Debug|Any CPU.Build.0 = Debug|Any CPU
		{5EE9047B-0387-418C-B56E-9AD0B70B1DC1}.Release|Any CPU.ActiveCfg = Release|Any CPU
		{5EE9047B-0387-418C-B56E-9AD0B70B1DC1}.Release|Any CPU.Build.0 = Release|Any CPU
	EndGlobalSection
	GlobalSection(SolutionProperties) = preSolution
		HideSolutionNode = FALSE
	EndGlobalSection
	GlobalSection(ExtensibilityGlobals) = postSolution
		SolutionGuid = {2B1D98CC-CA85-4494-A6EC-372AFD2702F4}
	EndGlobalSection
EndGlobal
